
Microsoft Visual Studio Solution File, Format Version 12.00
# Visual Studio 15
VisualStudioVersion = 15.0.27130.2010
MinimumVisualStudioVersion = 10.0.40219.1
Project("{FAE04EC0-301F-11D3-BF4B-00C04F79EFBC}") = "ADBLogParser", "ADBLogParser.csproj", "{CBA4C6BA-0118-4520-9D4E-7D23BA925202}"
	ProjectSection(ProjectDependencies) = postProject
		{33FD19FF-26AB-450A-8D11-A84985557143} = {33FD19FF-26AB-450A-8D11-A84985557143}
	EndProjectSection
EndProject
Project("{FAE04EC0-301F-11D3-BF4B-00C04F79EFBC}") = "Strokes", "Strokes\Strokes.csproj", "{33FD19FF-26AB-450A-8D11-A84985557143}"
EndProject
Global
	GlobalSection(SolutionConfigurationPlatforms) = preSolution
		Debug|Any CPU = Debug|Any CPU
		Release|Any CPU = Release|Any CPU
	EndGlobalSection
	GlobalSection(ProjectConfigurationPlatforms) = postSolution
		{CBA4C6BA-0118-4520-9D4E-7D23BA925202}.Debug|Any CPU.ActiveCfg = Debug|Any CPU
		{CBA4C6BA-0118-4520-9D4E-7D23BA925202}.Debug|Any CPU.Build.0 = Debug|Any CPU
		{CBA4C6BA-0118-4520-9D4E-7D23BA925202}.Release|Any CPU.ActiveCfg = Release|Any CPU
		{CBA4C6BA-0118-4520-9D4E-7D23BA925202}.Release|Any CPU.Build.0 = Release|Any CPU
		{33FD19FF-26AB-450A-8D11-A84985557143}.Debug|Any CPU.ActiveCfg = Debug|Any CPU
		{33FD19FF-26AB-450A-8D11-A84985557143}.Debug|Any CPU.Build.0 = Debug|Any CPU
		{33FD19FF-26AB-450A-8D11-A84985557143}.Release|Any CPU.ActiveCfg = Release|Any CPU
		{33FD19FF-26AB-450A-8D11-A84985557143}.Release|Any CPU.Build.0 = Release|Any CPU
	EndGlobalSection
	GlobalSection(SolutionProperties) = preSolution
		HideSolutionNode = FALSE
	EndGlobalSection
	GlobalSection(ExtensibilityGlobals) = postSolution
		SolutionGuid = {C2AEEF7F-B8C6-4219-8905-B103F8AC08A1}
	EndGlobalSection
EndGlobal
